
Microsoft Visual Studio Solution File, Format Version 12.00
# Visual Studio Version 17
VisualStudioVersion = 17.5.002.0
MinimumVisualStudioVersion = 10.0.40219.1
Project("{9A19103F-16F7-4668-BE54-9A1E7A4F7556}") = "Do while", "Do while.csproj", "{F6B8834B-8A2B-4B78-A339-83F62330A94E}"
EndProject
Global
	GlobalSection(SolutionConfigurationPlatforms) = preSolution
		Debug|Any CPU = Debug|Any CPU
		Release|Any CPU = Release|Any CPU
	EndGlobalSection
	GlobalSection(ProjectConfigurationPlatforms) = postSolution
		{F6B8834B-8A2B-4B78-A339-83F62330A94E}.Debug|Any CPU.ActiveCfg = Debug|Any CPU
		{F6B8834B-8A2B-4B78-A339-83F62330A94E}.Debug|Any CPU.Build.0 = Debug|Any CPU
		{F6B8834B-8A2B-4B78-A339-83F62330A94E}.Release|Any CPU.ActiveCfg = Release|Any CPU
		{F6B8834B-8A2B-4B78-A339-83F62330A94E}.Release|Any CPU.Build.0 = Release|Any CPU
	EndGlobalSection
	GlobalSection(SolutionProperties) = preSolution
		HideSolutionNode = FALSE
	EndGlobalSection
	GlobalSection(ExtensibilityGlobals) = postSolution
		SolutionGuid = {C3884B53-5659-44CE-9181-7DF9821D0B23}
	EndGlobalSection
EndGlobal
